
Microsoft Visual Studio Solution File, Format Version 12.00
# Visual Studio Version 16
VisualStudioVersion = 16.0.29209.62
MinimumVisualStudioVersion = 10.0.40219.1
Project("{FAE04EC0-301F-11D3-BF4B-00C04F79EFBC}") = "ApiConfitec", "ApiConfitec\ApiConfitec.csproj", "{B34ED8DD-4FDC-453A-BB98-8B6153DEC4FB}"
EndProject
Global
	GlobalSection(SolutionConfigurationPlatforms) = preSolution
		Debug|Any CPU = Debug|Any CPU
		Release|Any CPU = Release|Any CPU
	EndGlobalSection
	GlobalSection(ProjectConfigurationPlatforms) = postSolution
		{B34ED8DD-4FDC-453A-BB98-8B6153DEC4FB}.Debug|Any CPU.ActiveCfg = Debug|Any CPU
		{B34ED8DD-4FDC-453A-BB98-8B6153DEC4FB}.Debug|Any CPU.Build.0 = Debug|Any CPU
		{B34ED8DD-4FDC-453A-BB98-8B6153DEC4FB}.Release|Any CPU.ActiveCfg = Release|Any CPU
		{B34ED8DD-4FDC-453A-BB98-8B6153DEC4FB}.Release|Any CPU.Build.0 = Release|Any CPU
	EndGlobalSection
	GlobalSection(SolutionProperties) = preSolution
		HideSolutionNode = FALSE
	EndGlobalSection
	GlobalSection(ExtensibilityGlobals) = postSolution
		SolutionGuid = {892295E5-7493-4088-AC3B-84E375967834}
	EndGlobalSection
EndGlobal
